
Microsoft Visual Studio Solution File, Format Version 12.00
# Visual Studio Version 16
VisualStudioVersion = 16.0.31025.194
MinimumVisualStudioVersion = 10.0.40219.1
Project("{FAE04EC0-301F-11D3-BF4B-00C04F79EFBC}") = "Creedy_Chicken", "Creedy_Chicken\Creedy_Chicken.csproj", "{95667E51-572A-43EB-B032-5EC7A6255A9F}"
EndProject
Global
	GlobalSection(SolutionConfigurationPlatforms) = preSolution
		Debug|Any CPU = Debug|Any CPU
		Release|Any CPU = Release|Any CPU
	EndGlobalSection
	GlobalSection(ProjectConfigurationPlatforms) = postSolution
		{95667E51-572A-43EB-B032-5EC7A6255A9F}.Debug|Any CPU.ActiveCfg = Debug|Any CPU
		{95667E51-572A-43EB-B032-5EC7A6255A9F}.Debug|Any CPU.Build.0 = Debug|Any CPU
		{95667E51-572A-43EB-B032-5EC7A6255A9F}.Release|Any CPU.ActiveCfg = Release|Any CPU
		{95667E51-572A-43EB-B032-5EC7A6255A9F}.Release|Any CPU.Build.0 = Release|Any CPU
	EndGlobalSection
	GlobalSection(SolutionProperties) = preSolution
		HideSolutionNode = FALSE
	EndGlobalSection
	GlobalSection(ExtensibilityGlobals) = postSolution
		SolutionGuid = {1B15AFAE-2FB2-4F95-9DFE-104655EC8C46}
	EndGlobalSection
EndGlobal
